# This file is autogenerated, do not edit; changes may be undone by the next 'dep ensure'.


[[projects]]
  branch = "master"
  digest = "1:ce08f503c28fd8bd30e1412fc78e730190b96041fee945b962500518b4c6a3bc"
  name = "github.com/tokuhirom/go-hsperfdata"
  packages = ["hsperfdata"]
  pruneopts = "UT"
  revision = "68e834c7b9107a6ebb8d518a257c1fff6c66fc75"
  source = "https://github.com/akiernan/go-hsperfdata"

[solve-meta]
  analyzer-name = "dep"
  analyzer-version = 1
  input-imports = ["github.com/tokuhirom/go-hsperfdata/hsperfdata"]
  solver-name = "gps-cdcl"
  solver-version = 1
